
Microsoft Visual Studio Solution File, Format Version 12.00
Project("{FAE04EC0-301F-11D3-BF4B-00C04F79EFBC}") = "ToDoList", "ToDoList\ToDoList.csproj", "{286D5B53-CCA8-4DAB-894D-F33EC01A58CA}"
EndProject
Project("{2150E333-8FDC-42A3-9474-1A3956D46DE8}") = "Domain", "Domain", "{E27EBC30-C0F1-4FBE-84AF-E0EAF27298AE}"
EndProject
Project("{FAE04EC0-301F-11D3-BF4B-00C04F79EFBC}") = "ToDoList.Domain", "ToDoList.Domain\ToDoList.Domain.csproj", "{7F489B93-65C5-421C-877D-DBD442A1AF41}"
EndProject
Project("{FAE04EC0-301F-11D3-BF4B-00C04F79EFBC}") = "ToDoList.DAL", "ToDoList.DAL\ToDoList.DAL.csproj", "{5410D6A0-E44A-49F0-9CA2-85600034A9A7}"
EndProject
Project("{2150E333-8FDC-42A3-9474-1A3956D46DE8}") = "Service", "Service", "{9AE1FA92-FB7D-46EA-B9FA-9EECD20E1C82}"
EndProject
Project("{2150E333-8FDC-42A3-9474-1A3956D46DE8}") = "DAL", "DAL", "{5C53ABBD-DBF9-4495-921D-8C39F5B9E0A9}"
EndProject
Project("{FAE04EC0-301F-11D3-BF4B-00C04F79EFBC}") = "ToDoList.Service", "ToDoList.Service\ToDoList.Service.csproj", "{B0DD56E8-4112-4100-814F-770129A9B0BF}"
EndProject
Project("{2150E333-8FDC-42A3-9474-1A3956D46DE8}") = "Tests", "Tests", "{FF6758FB-7C8B-448A-A736-81BD7BF2F2A3}"
EndProject
Project("{FAE04EC0-301F-11D3-BF4B-00C04F79EFBC}") = "ToDoList.Tests", "ToDoList.Tests\ToDoList.Tests.csproj", "{0E783DAA-14E1-4634-8AE5-27DC3CBB4144}"
EndProject
Global
	GlobalSection(SolutionConfigurationPlatforms) = preSolution
		Debug|Any CPU = Debug|Any CPU
		Release|Any CPU = Release|Any CPU
	EndGlobalSection
	GlobalSection(ProjectConfigurationPlatforms) = postSolution
		{286D5B53-CCA8-4DAB-894D-F33EC01A58CA}.Debug|Any CPU.ActiveCfg = Debug|Any CPU
		{286D5B53-CCA8-4DAB-894D-F33EC01A58CA}.Debug|Any CPU.Build.0 = Debug|Any CPU
		{286D5B53-CCA8-4DAB-894D-F33EC01A58CA}.Release|Any CPU.ActiveCfg = Release|Any CPU
		{286D5B53-CCA8-4DAB-894D-F33EC01A58CA}.Release|Any CPU.Build.0 = Release|Any CPU
		{7F489B93-65C5-421C-877D-DBD442A1AF41}.Debug|Any CPU.ActiveCfg = Debug|Any CPU
		{7F489B93-65C5-421C-877D-DBD442A1AF41}.Debug|Any CPU.Build.0 = Debug|Any CPU
		{7F489B93-65C5-421C-877D-DBD442A1AF41}.Release|Any CPU.ActiveCfg = Release|Any CPU
		{7F489B93-65C5-421C-877D-DBD442A1AF41}.Release|Any CPU.Build.0 = Release|Any CPU
		{5410D6A0-E44A-49F0-9CA2-85600034A9A7}.Debug|Any CPU.ActiveCfg = Debug|Any CPU
		{5410D6A0-E44A-49F0-9CA2-85600034A9A7}.Debug|Any CPU.Build.0 = Debug|Any CPU
		{5410D6A0-E44A-49F0-9CA2-85600034A9A7}.Release|Any CPU.ActiveCfg = Release|Any CPU
		{5410D6A0-E44A-49F0-9CA2-85600034A9A7}.Release|Any CPU.Build.0 = Release|Any CPU
		{B0DD56E8-4112-4100-814F-770129A9B0BF}.Debug|Any CPU.ActiveCfg = Debug|Any CPU
		{B0DD56E8-4112-4100-814F-770129A9B0BF}.Debug|Any CPU.Build.0 = Debug|Any CPU
		{B0DD56E8-4112-4100-814F-770129A9B0BF}.Release|Any CPU.ActiveCfg = Release|Any CPU
		{B0DD56E8-4112-4100-814F-770129A9B0BF}.Release|Any CPU.Build.0 = Release|Any CPU
		{0E783DAA-14E1-4634-8AE5-27DC3CBB4144}.Debug|Any CPU.ActiveCfg = Debug|Any CPU
		{0E783DAA-14E1-4634-8AE5-27DC3CBB4144}.Debug|Any CPU.Build.0 = Debug|Any CPU
		{0E783DAA-14E1-4634-8AE5-27DC3CBB4144}.Release|Any CPU.ActiveCfg = Release|Any CPU
		{0E783DAA-14E1-4634-8AE5-27DC3CBB4144}.Release|Any CPU.Build.0 = Release|Any CPU
	EndGlobalSection
	GlobalSection(NestedProjects) = preSolution
		{7F489B93-65C5-421C-877D-DBD442A1AF41} = {E27EBC30-C0F1-4FBE-84AF-E0EAF27298AE}
		{5410D6A0-E44A-49F0-9CA2-85600034A9A7} = {5C53ABBD-DBF9-4495-921D-8C39F5B9E0A9}
		{B0DD56E8-4112-4100-814F-770129A9B0BF} = {9AE1FA92-FB7D-46EA-B9FA-9EECD20E1C82}
		{0E783DAA-14E1-4634-8AE5-27DC3CBB4144} = {FF6758FB-7C8B-448A-A736-81BD7BF2F2A3}
	EndGlobalSection
EndGlobal
